PODS:
  - AppCenter (2.3.0):
    - AppCenter/Analytics (= 2.3.0)
    - AppCenter/Crashes (= 2.3.0)
  - AppCenter/Analytics (2.3.0):
    - AppCenter/Core
  - AppCenter/Core (2.3.0)
  - AppCenter/Crashes (2.3.0):
    - AppCenter/Core
  - AppCenter/Push (2.3.0):
    - AppCenter/Core

DEPENDENCIES:
  - AppCenter
  - AppCenter/Push

SPEC REPOS:
  trunk:
    - AppCenter

SPEC CHECKSUMS:
  AppCenter: 9784d2fc998c9bd0b8fbaf4fb9ed69526d12ce1a

PODFILE CHECKSUM: abd1049209de705b3cc9ca3df3dfabb3e0ef079c

COCOAPODS: 1.8.4
